// !$*UTF8*$!
{
	archiveVersion = 1;
	classes = {
	};
	objectVersion = 50;
	objects = {

/* Begin PBXBuildFile section */
		6D39FCF52385143800A82104 /* History.swift in Sources */ = {isa = PBXBuildFile; fileRef = 6D39FCF42385143800A82104 /* History.swift */; };
		6D39FCF72385167400A82104 /* Constants.swift in Sources */ = {isa = PBXBuildFile; fileRef = 6D39FCF62385167400A82104 /* Constants.swift */; };
		6D39FCF92385199600A82104 /* Download.swift in Sources */ = {isa = PBXBuildFile; fileRef = 6D39FCF82385199600A82104 /* Download.swift */; };
		6D39FCFB238519AF00A82104 /* Favorite.swift in Sources */ = {isa = PBXBuildFile; fileRef = 6D39FCFA238519AF00A82104 /* Favorite.swift */; };
		6DC307B323850B96004F7E5C /* AppDelegate.swift in Sources */ = {isa = PBXBuildFile; fileRef = 6DC307B223850B96004F7E5C /* AppDelegate.swift */; };
		6DC307B523850B96004F7E5C /* SceneDelegate.swift in Sources */ = {isa = PBXBuildFile; fileRef = 6DC307B423850B96004F7E5C /* SceneDelegate.swift */; };
		6DC307B723850B96004F7E5C /* ContentView.swift in Sources */ = {isa = PBXBuildFile; fileRef = 6DC307B623850B96004F7E5C /* ContentView.swift */; };
		6DC307B923850B98004F7E5C /* Assets.xcassets in Resources */ = {isa = PBXBuildFile; fileRef = 6DC307B823850B98004F7E5C /* Assets.xcassets */; };
		6DC307BC23850B98004F7E5C /* Preview Assets.xcassets in Resources */ = {isa = PBXBuildFile; fileRef = 6DC307BB23850B98004F7E5C /* Preview Assets.xcassets */; };
		6DC307BF23850B98004F7E5C /* LaunchScreen.storyboard in Resources */ = {isa = PBXBuildFile; fileRef = 6DC307BD23850B98004F7E5C /* LaunchScreen.storyboard */; };
/* End PBXBuildFile section */

/* Begin PBXFileReference section */
		6D39FCF42385143800A82104 /* History.swift */ = {isa = PBXFileReference; lastKnownFileType = sourcecode.swift; path = History.swift; sourceTree = "<group>"; };
		6D39FCF62385167400A82104 /* Constants.swift */ = {isa = PBXFileReference; lastKnownFileType = sourcecode.swift; path = Constants.swift; sourceTree = "<group>"; };
		6D39FCF82385199600A82104 /* Download.swift */ = {isa = PBXFileReference; lastKnownFileType = sourcecode.swift; path = Download.swift; sourceTree = "<group>"; };
		6D39FCFA238519AF00A82104 /* Favorite.swift */ = {isa = PBXFileReference; lastKnownFileType = sourcecode.swift; path = Favorite.swift; sourceTree = "<group>"; };
		6DC307AF23850B96004F7E5C /* Task_3.app */ = {isa = PBXFileReference; explicitFileType = wrapper.application; includeInIndex = 0; path = Task_3.app; sourceTree = BUILT_PRODUCTS_DIR; };
		6DC307B223850B96004F7E5C /* AppDelegate.swift */ = {isa = PBXFileReference; lastKnownFileType = sourcecode.swift; path = AppDelegate.swift; sourceTree = "<group>"; };
		6DC307B423850B96004F7E5C /* SceneDelegate.swift */ = {isa = PBXFileReference; lastKnownFileType = sourcecode.swift; path = SceneDelegate.swift; sourceTree = "<group>"; };
		6DC307B623850B96004F7E5C /* ContentView.swift */ = {isa = PBXFileReference; lastKnownFileType = sourcecode.swift; path = ContentView.swift; sourceTree = "<group>"; };
		6DC307B823850B98004F7E5C /* Assets.xcassets */ = {isa = PBXFileReference; lastKnownFileType = folder.assetcatalog; path = Assets.xcassets; sourceTree = "<group>"; };
		6DC307BB23850B98004F7E5C /* Preview Assets.xcassets */ = {isa = PBXFileReference; lastKnownFileType = folder.assetcatalog; path = "Preview Assets.xcassets"; sourceTree = "<group>"; };
		6DC307BE23850B98004F7E5C /* Base */ = {isa = PBXFileReference; lastKnownFileType = file.storyboard; name = Base; path = Base.lproj/LaunchScreen.storyboard; sourceTree = "<group>"; };
		6DC307C023850B98004F7E5C /* Info.plist */ = {isa = PBXFileReference; lastKnownFileType = text.plist.xml; path = Info.plist; sourceTree = "<group>"; };
/* End PBXFileReference section */

/* Begin PBXFrameworksBuildPhase section */
		6DC307AC23850B96004F7E5C /* Frameworks */ = {
			isa = PBXFrameworksBuildPhase;
			buildActionMask = 2147483647;
			files = (
			);
			runOnlyForDeploymentPostprocessing = 0;
		};
/* End PBXFrameworksBuildPhase section */

/* Begin PBXGroup section */
		6DC307A623850B96004F7E5C = {
			isa = PBXGroup;
			children = (
				6DC307B123850B96004F7E5C /* Task_3 */,
				6DC307B023850B96004F7E5C /* Products */,
			);
			sourceTree = "<group>";
		};
		6DC307B023850B96004F7E5C /* Products */ = {
			isa = PBXGroup;
			children = (
				6DC307AF23850B96004F7E5C /* Task_3.app */,
			);
			name = Products;
			sourceTree = "<group>";
		};
		6DC307B123850B96004F7E5C /* Task_3 */ = {
			isa = PBXGroup;
			children = (
				6DC307B223850B96004F7E5C /* AppDelegate.swift */,
				6DC307B423850B96004F7E5C /* SceneDelegate.swift */,
				6DC307B623850B96004F7E5C /* ContentView.swift */,
				6DC307B823850B98004F7E5C /* Assets.xcassets */,
				6DC307BD23850B98004F7E5C /* LaunchScreen.storyboard */,
				6DC307C023850B98004F7E5C /* Info.plist */,
				6DC307C623850BCD004F7E5C /* TabBars */,
				6DC307BA23850B98004F7E5C /* Preview Content */,
			);
			path = Task_3;
			sourceTree = "<group>";
		};
		6DC307BA23850B98004F7E5C /* Preview Content */ = {
			isa = PBXGroup;
			children = (
				6DC307BB23850B98004F7E5C /* Preview Assets.xcassets */,
			);
			path = "Preview Content";
			sourceTree = "<group>";
		};
		6DC307C623850BCD004F7E5C /* TabBars */ = {
			isa = PBXGroup;
			children = (
				6D39FCF62385167400A82104 /* Constants.swift */,
				6D39FCFA238519AF00A82104 /* Favorite.swift */,
				6D39FCF82385199600A82104 /* Download.swift */,
				6D39FCF42385143800A82104 /* History.swift */,
			);
			path = TabBars;
			sourceTree = "<group>";
		};
/* End PBXGroup section */

/* Begin PBXNativeTarget section */
		6DC307AE23850B96004F7E5C /* Task_3 */ = {
			isa = PBXNativeTarget;
			buildConfigurationList = 6DC307C323850B98004F7E5C /* Build configuration list for PBXNativeTarget "Task_3" */;
			buildPhases = (
				6DC307AB23850B96004F7E5C /* Sources */,
				6DC307AC23850B96004F7E5C /* Frameworks */,
				6DC307AD23850B96004F7E5C /* Resources */,
			);
			buildRules = (
			);
			dependencies = (
			);
			name = Task_3;
			productName = Task_3;
			productReference = 6DC307AF23850B96004F7E5C /* Task_3.app */;
			productType = "com.apple.product-type.application";
		};
/* End PBXNativeTarget section */

/* Begin PBXProject section */
		6DC307A723850B96004F7E5C /* Project object */ = {
			isa = PBXProject;
			attributes = {
				LastSwiftUpdateCheck = 1130;
				LastUpgradeCheck = 1130;
				ORGANIZATIONNAME = Brahmastra;
				TargetAttributes = {
					6DC307AE23850B96004F7E5C = {
						CreatedOnToolsVersion = 11.3;
					};
				};
			};
			buildConfigurationList = 6DC307AA23850B96004F7E5C /* Build configuration list for PBXProject "Task_3" */;
			compatibilityVersion = "Xcode 9.3";
			developmentRegion = en;
			hasScannedForEncodings = 0;
			knownRegions = (
				en,
				Base,
			);
			mainGroup = 6DC307A623850B96004F7E5C;
			productRefGroup = 6DC307B023850B96004F7E5C /* Products */;
			projectDirPath = "";
			projectRoot = "";
			targets = (
				6DC307AE23850B96004F7E5C /* Task_3 */,
			);
		};
/* End PBXProject section */

/* Begin PBXResourcesBuildPhase section */
		6DC307AD23850B96004F7E5C /* Resources */ = {
			isa = PBXResourcesBuildPhase;
			buildActionMask = 2147483647;
			files = (
				6DC307BF23850B98004F7E5C /* LaunchScreen.storyboard in Resources */,
				6DC307BC23850B98004F7E5C /* Preview Assets.xcassets in Resources */,
				6DC307B923850B98004F7E5C /* Assets.xcassets in Resources */,
			);
			runOnlyForDeploymentPostprocessing = 0;
		};
/* End PBXResourcesBuildPhase section */

/* Begin PBXSourcesBuildPhase section */
		6DC307AB23850B96004F7E5C /* Sources */ = {
			isa = PBXSourcesBuildPhase;
			buildActionMask = 2147483647;
			files = (
				6D39FCF72385167400A82104 /* Constants.swift in Sources */,
				6D39FCFB238519AF00A82104 /* Favorite.swift in Sources */,
				6DC307B323850B96004F7E5C /* AppDelegate.swift in Sources */,
				6DC307B523850B96004F7E5C /* SceneDelegate.swift in Sources */,
				6D39FCF92385199600A82104 /* Download.swift in Sources */,
				6D39FCF52385143800A82104 /* History.swift in Sources */,
				6DC307B723850B96004F7E5C /* ContentView.swift in Sources */,
			);
			runOnlyForDeploymentPostprocessing = 0;
		};
/* End PBXSourcesBuildPhase section */

/* Begin PBXVariantGroup section */
		6DC307BD23850B98004F7E5C /* LaunchScreen.storyboard */ = {
			isa = PBXVariantGroup;
			children = (
				6DC307BE23850B98004F7E5C /* Base */,
			);
			name = LaunchScreen.storyboard;
			sourceTree = "<group>";
		};
/* End PBXVariantGroup section */

/* Begin XCBuildConfiguration section */
		6DC307C123850B98004F7E5C /* Debug */ = {
			isa = XCBuildConfiguration;
			buildSettings = {
				ALWAYS_SEARCH_USER_PATHS = NO;
				CLANG_ANALYZER_NONNULL = YES;
				CLANG_ANALYZER_NUMBER_OBJECT_CONVERSION = YES_AGGRESSIVE;
				CLANG_CXX_LANGUAGE_STANDARD = "gnu++14";
				CLANG_CXX_LIBRARY = "libc++";
				CLANG_ENABLE_MODULES = YES;
				CLANG_ENABLE_OBJC_ARC = YES;
				CLANG_ENABLE_OBJC_WEAK = YES;
				CLANG_WARN_BLOCK_CAPTURE_AUTORELEASING = YES;
				CLANG_WARN_BOOL_CONVERSION = YES;
				CLANG_WARN_COMMA = YES;
				CLANG_WARN_CONSTANT_CONVERSION = YES;
				CLANG_WARN_DEPRECATED_OBJC_IMPLEMENTATIONS = YES;
				CLANG_WARN_DIRECT_OBJC_ISA_USAGE = YES_ERROR;
				CLANG_WARN_DOCUMENTATION_COMMENTS = YES;
				CLANG_WARN_EMPTY_BODY = YES;
				CLANG_WARN_ENUM_CONVERSION = YES;
				CLANG_WARN_INFINITE_RECURSION = YES;
				CLANG_WARN_INT_CONVERSION = YES;
				CLANG_WARN_NON_LITERAL_NULL_CONVERSION = YES;
				CLANG_WARN_OBJC_IMPLICIT_RETAIN_SELF = YES;
				CLANG_WARN_OBJC_LITERAL_CONVERSION = YES;
				CLANG_WARN_OBJC_ROOT_CLASS = YES_ERROR;
				CLANG_WARN_RANGE_LOOP_ANALYSIS = YES;
				CLANG_WARN_STRICT_PROTOTYPES = YES;
				CLANG_WARN_SUSPICIOUS_MOVE = YES;
				CLANG_WARN_UNGUARDED_AVAILABILITY = YES_AGGRESSIVE;
				CLANG_WARN_UNREACHABLE_CODE = YES;
				CLANG_WARN__DUPLICATE_METHOD_MATCH = YES;
				COPY_PHASE_STRIP = NO;
				DEBUG_INFORMATION_FORMAT = dwarf;
				ENABLE_STRICT_OBJC_MSGSEND = YES;
				ENABLE_TESTABILITY = YES;
				GCC_C_LANGUAGE_STANDARD = gnu11;
				GCC_DYNAMIC_NO_PIC = NO;
				GCC_NO_COMMON_BLOCKS = YES;
				GCC_OPTIMIZATION_LEVEL = 0;
				GCC_PREPROCESSOR_DEFINITIONS = (
					"DEBUG=1",
					"$(inherited)",
				);
				GCC_WARN_64_TO_32_BIT_CONVERSION = YES;
				GCC_WARN_ABOUT_RETURN_TYPE = YES_ERROR;
				GCC_WARN_UNDECLARED_SELECTOR = YES;
				GCC_WARN_UNINITIALIZED_AUTOS = YES_AGGRESSIVE;
				GCC_WARN_UNUSED_FUNCTION = YES;
				GCC_WARN_UNUSED_VARIABLE = YES;
				IPHONEOS_DEPLOYMENT_TARGET = 13.2;
				MTL_ENABLE_DEBUG_INFO = INCLUDE_SOURCE;
				MTL_FAST_MATH = YES;
				ONLY_ACTIVE_ARCH = YES;
				SDKROOT = iphoneos;
				SWIFT_ACTIVE_COMPILATION_CONDITIONS = DEBUG;
				SWIFT_OPTIMIZATION_LEVEL = "-Onone";
			};
			name = Debug;
		};
		6DC307C223850B98004F7E5C /* Release */ = {
			isa = XCBuildConfiguration;
			buildSettings = {
				ALWAYS_SEARCH_USER_PATHS = NO;
				CLANG_ANALYZER_NONNULL = YES;
				CLANG_ANALYZER_NUMBER_OBJECT_CONVERSION = YES_AGGRESSIVE;
				CLANG_CXX_LANGUAGE_STANDARD = "gnu++14";
				CLANG_CXX_LIBRARY = "libc++";
				CLANG_ENABLE_MODULES = YES;
				CLANG_ENABLE_OBJC_ARC = YES;
				CLANG_ENABLE_OBJC_WEAK = YES;
				CLANG_WARN_BLOCK_CAPTURE_AUTORELEASING = YES;
				CLANG_WARN_BOOL_CONVERSION = YES;
				CLANG_WARN_COMMA = YES;
				CLANG_WARN_CONSTANT_CONVERSION = YES;
				CLANG_WARN_DEPRECATED_OBJC_IMPLEMENTATIONS = YES;
				CLANG_WARN_DIRECT_OBJC_ISA_USAGE = YES_ERROR;
				CLANG_WARN_DOCUMENTATION_COMMENTS = YES;
				CLANG_WARN_EMPTY_BODY = YES;
				CLANG_WARN_ENUM_CONVERSION = YES;
				CLANG_WARN_INFINITE_RECURSION = YES;
				CLANG_WARN_INT_CONVERSION = YES;
				CLANG_WARN_NON_LITERAL_NULL_CONVERSION = YES;
				CLANG_WARN_OBJC_IMPLICIT_RETAIN_SELF = YES;
				CLANG_WARN_OBJC_LITERAL_CONVERSION = YES;
				CLANG_WARN_OBJC_ROOT_CLASS = YES_ERROR;
				CLANG_WARN_RANGE_LOOP_ANALYSIS = YES;
				CLANG_WARN_STRICT_PROTOTYPES = YES;
				CLANG_WARN_SUSPICIOUS_MOVE = YES;
				CLANG_WARN_UNGUARDED_AVAILABILITY = YES_AGGRESSIVE;
				CLANG_WARN_UNREACHABLE_CODE = YES;
				CLANG_WARN__DUPLICATE_METHOD_MATCH = YES;
				COPY_PHASE_STRIP = NO;
				DEBUG_INFORMATION_FORMAT = "dwarf-with-dsym";
				ENABLE_NS_ASSERTIONS = NO;
				ENABLE_STRICT_OBJC_MSGSEND = YES;
				GCC_C_LANGUAGE_STANDARD = gnu11;
				GCC_NO_COMMON_BLOCKS = YES;
				GCC_WARN_64_TO_32_BIT_CONVERSION = YES;
				GCC_WARN_ABOUT_RETURN_TYPE = YES_ERROR;
				GCC_WARN_UNDECLARED_SELECTOR = YES;
				GCC_WARN_UNINITIALIZED_AUTOS = YES_AGGRESSIVE;
				GCC_WARN_UNUSED_FUNCTION = YES;
				GCC_WARN_UNUSED_VARIABLE = YES;
				IPHONEOS_DEPLOYMENT_TARGET = 13.2;
				MTL_ENABLE_DEBUG_INFO = NO;
				MTL_FAST_MATH = YES;
				SDKROOT = iphoneos;
				SWIFT_COMPILATION_MODE = wholemodule;
				SWIFT_OPTIMIZATION_LEVEL = "-O";
				VALIDATE_PRODUCT = YES;
			};
			name = Release;
		};
		6DC307C423850B98004F7E5C /* Debug */ = {
			isa = XCBuildConfiguration;
			buildSettings = {
				ASSETCATALOG_COMPILER_APPICON_NAME = AppIcon;
				CODE_SIGN_STYLE = Automatic;
				DEVELOPMENT_ASSET_PATHS = "\"Task_3/Preview Content\"";
				ENABLE_PREVIEWS = YES;
				INFOPLIST_FILE = Task_3/Info.plist;
				LD_RUNPATH_SEARCH_PATHS = (
					"$(inherited)",
					"@executable_path/Frameworks",
				);
				PRODUCT_BUNDLE_IDENTIFIER = "DefineLab.Task-3";
				PRODUCT_NAME = "$(TARGET_NAME)";
				SWIFT_VERSION = 5.0;
				TARGETED_DEVICE_FAMILY = "1,2";
			};
			name = Debug;
		};
		6DC307C523850B98004F7E5C /* Release */ = {
			isa = XCBuildConfiguration;
			buildSettings = {
				ASSETCATALOG_COMPILER_APPICON_NAME = AppIcon;
				CODE_SIGN_STYLE = Automatic;
				DEVELOPMENT_ASSET_PATHS = "\"Task_3/Preview Content\"";
				ENABLE_PREVIEWS = YES;
				INFOPLIST_FILE = Task_3/Info.plist;
				LD_RUNPATH_SEARCH_PATHS = (
					"$(inherited)",
					"@executable_path/Frameworks",
				);
				PRODUCT_BUNDLE_IDENTIFIER = "DefineLab.Task-3";
				PRODUCT_NAME = "$(TARGET_NAME)";
				SWIFT_VERSION = 5.0;
				TARGETED_DEVICE_FAMILY = "1,2";
			};
			name = Release;
		};
/* End XCBuildConfiguration section */

/* Begin XCConfigurationList section */
		6DC307AA23850B96004F7E5C /* Build configuration list for PBXProject "Task_3" */ = {
			isa = XCConfigurationList;
			buildConfigurations = (
				6DC307C123850B98004F7E5C /* Debug */,
				6DC307C223850B98004F7E5C /* Release */,
			);
			defaultConfigurationIsVisible = 0;
			defaultConfigurationName = Release;
		};
		6DC307C323850B98004F7E5C /* Build configuration list for PBXNativeTarget "Task_3" */ = {
			isa = XCConfigurationList;
			buildConfigurations = (
				6DC307C423850B98004F7E5C /* Debug */,
				6DC307C523850B98004F7E5C /* Release */,
			);
			defaultConfigurationIsVisible = 0;
			defaultConfigurationName = Release;
		};
/* End XCConfigurationList section */
	};
	rootObject = 6DC307A723850B96004F7E5C /* Project object */;
}
